{
  "name": "flexi-date-formatter",
  "version": "1.0.0",
  "lockfileVersion": 3,
  "requires": true,
  "packages": {
    "": {
      "name": "flexi-date-formatter",
      "version": "1.0.0",
      "license": "MIT",
      "dependencies": {
        "flexi-date-formatter": "^1.0.0"
      }
    },
    "node_modules/flexi-date-formatter": {
      "version": "1.0.0",
      "resolved": "https://registry.npmjs.org/flexi-date-formatter/-/flexi-date-formatter-1.0.0.tgz",
      "integrity": "sha512-mOJXf7E//aHWgJKP/KPtebRlNwTOtPh7Er6c83urB6O3QOsnYecR211QWOpGMfxMLNKwVbqTK5er9OccWii8Cg==",
      "license": "MIT"
    }
  }
}
